{
  "version": 4,
  "terraform_version": "1.4.6",
  "serial": 1,
  "lineage": "7595b13d-c465-4fd4-6b58-db6c55eb83c5",
  "outputs": {},
  "resources": [
    {
      "mode": "managed",
      "type": "aws_vpc",
      "name": "ans_vpc",
      "provider": "provider[\"registry.terraform.io/hashicorp/aws\"]",
      "instances": [
        {
          "schema_version": 1,
          "attributes": {
            "arn": "arn:aws:ec2:us-east-2:863283272863:vpc/vpc-03d09f10a7cda8b84",
            "assign_generated_ipv6_cidr_block": false,
            "cidr_block": "10.123.0.0/16",
            "default_network_acl_id": "acl-0acc66019f5ce9559",
            "default_route_table_id": "rtb-0643a8a3b72b4f158",
            "default_security_group_id": "sg-046220ba625f9ff7a",
            "dhcp_options_id": "dopt-0dcf695abd4fb6d24",
            "enable_classiclink": false,
            "enable_classiclink_dns_support": false,
            "enable_dns_hostnames": true,
            "enable_dns_support": true,
            "id": "vpc-03d09f10a7cda8b84",
            "instance_tenancy": "default",
            "ipv4_ipam_pool_id": null,
            "ipv4_netmask_length": null,
            "ipv6_association_id": "",
            "ipv6_cidr_block": "",
            "ipv6_cidr_block_network_border_group": "",
            "ipv6_ipam_pool_id": "",
            "ipv6_netmask_length": 0,
            "main_route_table_id": "rtb-0643a8a3b72b4f158",
            "owner_id": "863283272863",
            "tags": {
              "Name": "ans_vpc"
            },
            "tags_all": {
              "Name": "ans_vpc"
            }
          },
          "sensitive_attributes": [],
          "private": "eyJzY2hlbWFfdmVyc2lvbiI6IjEifQ=="
        }
      ]
    }
  ],
  "check_results": null
}
